
Microsoft Visual Studio Solution File, Format Version 12.00
# Visual Studio Version 17
VisualStudioVersion = 17.7.34031.279
MinimumVisualStudioVersion = 10.0.40219.1
Project("{FAE04EC0-301F-11D3-BF4B-00C04F79EFBC}") = "Lista", "Lista.csproj", "{2C789F06-5D32-4153-97B8-A5C35D0F4CAF}"
EndProject
Global
	GlobalSection(SolutionConfigurationPlatforms) = preSolution
		Debug|Any CPU = Debug|Any CPU
		Release|Any CPU = Release|Any CPU
	EndGlobalSection
	GlobalSection(ProjectConfigurationPlatforms) = postSolution
		{2C789F06-5D32-4153-97B8-A5C35D0F4CAF}.Debug|Any CPU.ActiveCfg = Debug|Any CPU
		{2C789F06-5D32-4153-97B8-A5C35D0F4CAF}.Debug|Any CPU.Build.0 = Debug|Any CPU
		{2C789F06-5D32-4153-97B8-A5C35D0F4CAF}.Release|Any CPU.ActiveCfg = Release|Any CPU
		{2C789F06-5D32-4153-97B8-A5C35D0F4CAF}.Release|Any CPU.Build.0 = Release|Any CPU
	EndGlobalSection
	GlobalSection(SolutionProperties) = preSolution
		HideSolutionNode = FALSE
	EndGlobalSection
	GlobalSection(ExtensibilityGlobals) = postSolution
		SolutionGuid = {B22B788E-9AE4-4DCF-9CBA-01DCEA1AF18D}
	EndGlobalSection
EndGlobal
