<<<<<<< HEAD
﻿
Microsoft Visual Studio Solution File, Format Version 12.00
# Visual Studio Version 17
VisualStudioVersion = 17.7.34024.191
MinimumVisualStudioVersion = 10.0.40219.1
Project("{FAE04EC0-301F-11D3-BF4B-00C04F79EFBC}") = "Alapok_Konzol_Parancsok", "Alapok_Konzol_Parancsok.csproj", "{7417DBC4-95CA-4A12-8899-D1095E94A6B6}"
EndProject
Global
	GlobalSection(SolutionConfigurationPlatforms) = preSolution
		Debug|Any CPU = Debug|Any CPU
		Release|Any CPU = Release|Any CPU
	EndGlobalSection
	GlobalSection(ProjectConfigurationPlatforms) = postSolution
		{7417DBC4-95CA-4A12-8899-D1095E94A6B6}.Debug|Any CPU.ActiveCfg = Debug|Any CPU
		{7417DBC4-95CA-4A12-8899-D1095E94A6B6}.Debug|Any CPU.Build.0 = Debug|Any CPU
		{7417DBC4-95CA-4A12-8899-D1095E94A6B6}.Release|Any CPU.ActiveCfg = Release|Any CPU
		{7417DBC4-95CA-4A12-8899-D1095E94A6B6}.Release|Any CPU.Build.0 = Release|Any CPU
	EndGlobalSection
	GlobalSection(SolutionProperties) = preSolution
		HideSolutionNode = FALSE
	EndGlobalSection
	GlobalSection(ExtensibilityGlobals) = postSolution
		SolutionGuid = {4D77652A-22D2-4E03-A362-AA4BFCF4043F}
	EndGlobalSection
EndGlobal
=======
﻿
Microsoft Visual Studio Solution File, Format Version 12.00
# Visual Studio Version 17
VisualStudioVersion = 17.7.34024.191
MinimumVisualStudioVersion = 10.0.40219.1
Project("{FAE04EC0-301F-11D3-BF4B-00C04F79EFBC}") = "Alapok_Konzol_Parancsok", "Alapok_Konzol_Parancsok.csproj", "{7417DBC4-95CA-4A12-8899-D1095E94A6B6}"
EndProject
Global
	GlobalSection(SolutionConfigurationPlatforms) = preSolution
		Debug|Any CPU = Debug|Any CPU
		Release|Any CPU = Release|Any CPU
	EndGlobalSection
	GlobalSection(ProjectConfigurationPlatforms) = postSolution
		{7417DBC4-95CA-4A12-8899-D1095E94A6B6}.Debug|Any CPU.ActiveCfg = Debug|Any CPU
		{7417DBC4-95CA-4A12-8899-D1095E94A6B6}.Debug|Any CPU.Build.0 = Debug|Any CPU
		{7417DBC4-95CA-4A12-8899-D1095E94A6B6}.Release|Any CPU.ActiveCfg = Release|Any CPU
		{7417DBC4-95CA-4A12-8899-D1095E94A6B6}.Release|Any CPU.Build.0 = Release|Any CPU
	EndGlobalSection
	GlobalSection(SolutionProperties) = preSolution
		HideSolutionNode = FALSE
	EndGlobalSection
	GlobalSection(ExtensibilityGlobals) = postSolution
		SolutionGuid = {4D77652A-22D2-4E03-A362-AA4BFCF4043F}
	EndGlobalSection
EndGlobal
>>>>>>> 983a3c25d2b03837ca9c74d1d8d18f12c09030e5
