
Microsoft Visual Studio Solution File, Format Version 12.00
# Visual Studio Version 17
VisualStudioVersion = 17.7.34031.279
MinimumVisualStudioVersion = 10.0.40219.1
Project("{FAE04EC0-301F-11D3-BF4B-00C04F79EFBC}") = "Constans", "Constans.csproj", "{AE1BFF1C-862B-4E01-A2AC-A9B60700E2F1}"
EndProject
Global
	GlobalSection(SolutionConfigurationPlatforms) = preSolution
		Debug|Any CPU = Debug|Any CPU
		Release|Any CPU = Release|Any CPU
	EndGlobalSection
	GlobalSection(ProjectConfigurationPlatforms) = postSolution
		{AE1BFF1C-862B-4E01-A2AC-A9B60700E2F1}.Debug|Any CPU.ActiveCfg = Debug|Any CPU
		{AE1BFF1C-862B-4E01-A2AC-A9B60700E2F1}.Debug|Any CPU.Build.0 = Debug|Any CPU
		{AE1BFF1C-862B-4E01-A2AC-A9B60700E2F1}.Release|Any CPU.ActiveCfg = Release|Any CPU
		{AE1BFF1C-862B-4E01-A2AC-A9B60700E2F1}.Release|Any CPU.Build.0 = Release|Any CPU
	EndGlobalSection
	GlobalSection(SolutionProperties) = preSolution
		HideSolutionNode = FALSE
	EndGlobalSection
	GlobalSection(ExtensibilityGlobals) = postSolution
		SolutionGuid = {D3F2ADD2-AAD5-4729-9E7E-E83607AE88B8}
	EndGlobalSection
EndGlobal
