
Microsoft Visual Studio Solution File, Format Version 12.00
# Visual Studio Version 17
VisualStudioVersion = 17.7.34031.279
MinimumVisualStudioVersion = 10.0.40219.1
Project("{FAE04EC0-301F-11D3-BF4B-00C04F79EFBC}") = "Metódus túlterhelés", "Metódus túlterhelés.csproj", "{28EACEE9-0272-46C7-976E-0F83D3ED8D55}"
EndProject
Global
	GlobalSection(SolutionConfigurationPlatforms) = preSolution
		Debug|Any CPU = Debug|Any CPU
		Release|Any CPU = Release|Any CPU
	EndGlobalSection
	GlobalSection(ProjectConfigurationPlatforms) = postSolution
		{28EACEE9-0272-46C7-976E-0F83D3ED8D55}.Debug|Any CPU.ActiveCfg = Debug|Any CPU
		{28EACEE9-0272-46C7-976E-0F83D3ED8D55}.Debug|Any CPU.Build.0 = Debug|Any CPU
		{28EACEE9-0272-46C7-976E-0F83D3ED8D55}.Release|Any CPU.ActiveCfg = Release|Any CPU
		{28EACEE9-0272-46C7-976E-0F83D3ED8D55}.Release|Any CPU.Build.0 = Release|Any CPU
	EndGlobalSection
	GlobalSection(SolutionProperties) = preSolution
		HideSolutionNode = FALSE
	EndGlobalSection
	GlobalSection(ExtensibilityGlobals) = postSolution
		SolutionGuid = {81D7BA06-D9D4-484C-9FC3-0EAC757955D0}
	EndGlobalSection
EndGlobal
